Microsoft Visual Studio Solution File, Format Version 12.00
# Visual Studio Version 17
VisualStudioVersion = 17.5.2.0
MinimumVisualStudioVersion = 10.0.40219.1
Project("{2150E333-8FDC-42A3-9474-1A3956D46DE8}") = "proyectos", "proyectos", "{9DF50AA8-7F7B-CF16-8C50-BC2E4BF34C81}"
EndProject
Project("{2150E333-8FDC-42A3-9474-1A3956D46DE8}") = "Api", "Api", "{05A53985-C2DD-81C5-3495-05157EFD1B68}"
EndProject
Project("{FAE04EC0-301F-11D3-BF4B-00C04F79EFBC}") = "WWI.Api", "proyectos\Api\WWI.Api\WWI.Api.csproj", "{EE759DAD-22B5-E3D5-371D-28E05B9E3602}"
EndProject
Global
	GlobalSection(SolutionConfigurationPlatforms) = preSolution
		Debug|Any CPU = Debug|Any CPU
		Release|Any CPU = Release|Any CPU
	EndGlobalSection
	GlobalSection(ProjectConfigurationPlatforms) = postSolution
		{EE759DAD-22B5-E3D5-371D-28E05B9E3602}.Debug|Any CPU.ActiveCfg = Debug|Any CPU
		{EE759DAD-22B5-E3D5-371D-28E05B9E3602}.Debug|Any CPU.Build.0 = Debug|Any CPU
		{EE759DAD-22B5-E3D5-371D-28E05B9E3602}.Release|Any CPU.ActiveCfg = Release|Any CPU
		{EE759DAD-22B5-E3D5-371D-28E05B9E3602}.Release|Any CPU.Build.0 = Release|Any CPU
	EndGlobalSection
	GlobalSection(SolutionProperties) = preSolution
		HideSolutionNode = FALSE
	EndGlobalSection
	GlobalSection(NestedProjects) = preSolution
		{05A53985-C2DD-81C5-3495-05157EFD1B68} = {9DF50AA8-7F7B-CF16-8C50-BC2E4BF34C81}
		{EE759DAD-22B5-E3D5-371D-28E05B9E3602} = {05A53985-C2DD-81C5-3495-05157EFD1B68}
	EndGlobalSection
	GlobalSection(ExtensibilityGlobals) = postSolution
		SolutionGuid = {8AB83E84-B2EC-41A8-AFEC-A4970B7AE45B}
	EndGlobalSection
EndGlobal
